
Microsoft Visual Studio Solution File, Format Version 12.00
# Visual Studio 15
VisualStudioVersion = 15.0.27004.2009
MinimumVisualStudioVersion = 10.0.40219.1
Project("{FAE04EC0-301F-11D3-BF4B-00C04F79EFBC}") = "APlusB", "AlgoritmosYEstructurasDeDatos\APlusB.csproj", "{7B808CCD-6B17-4295-8E1E-A68508A65434}"
EndProject
Project("{2150E333-8FDC-42A3-9474-1A3956D46DE8}") = "Week1", "Week1", "{5E49B38C-C78D-4C0C-997D-74E1ADC01945}"
EndProject
Project("{FAE04EC0-301F-11D3-BF4B-00C04F79EFBC}") = "MaximumPairwiseProduct", "MaximumPairwiseProduct\MaximumPairwiseProduct.csproj", "{415D226B-1739-4EDD-A9BE-9180D4B3601A}"
EndProject
Project("{FAE04EC0-301F-11D3-BF4B-00C04F79EFBC}") = "MaximumPairwiseProductStressTest", "StressTest\MaximumPairwiseProductStressTest.csproj", "{18DE5186-4E1E-4AC1-B84B-56E1BE7130C0}"
EndProject
Project("{2150E333-8FDC-42A3-9474-1A3956D46DE8}") = "Week2", "Week2", "{563A8C53-F443-4542-ABC2-A755ECB3A0BC}"
EndProject
Project("{FAE04EC0-301F-11D3-BF4B-00C04F79EFBC}") = "Fibonacci Number", "Fibonacci Number\Fibonacci Number.csproj", "{0FDECC3A-5357-4F32-90B6-403A48CE4091}"
EndProject
Project("{FAE04EC0-301F-11D3-BF4B-00C04F79EFBC}") = "StressTestsFibonacciNumber", "StressTestsEjer1\StressTestsFibonacciNumber.csproj", "{B2F94903-1D1D-4041-96E2-ECAE9D11EE09}"
EndProject
Project("{FAE04EC0-301F-11D3-BF4B-00C04F79EFBC}") = "LastDigitFibonacci", "LastDigitFibonacci\LastDigitFibonacci.csproj", "{28D9C1AB-2A0F-4387-ADF5-E47B34EDC967}"
EndProject
Project("{FAE04EC0-301F-11D3-BF4B-00C04F79EFBC}") = "StressTestMcd", "StressTestMcd\StressTestMcd.csproj", "{872417A0-58D4-4580-834B-D8FBF8379FA3}"
EndProject
Project("{FAE04EC0-301F-11D3-BF4B-00C04F79EFBC}") = "Mcd", "Mcd\Mcd.csproj", "{0835B950-6D00-4B78-A668-72E68F89D959}"
EndProject
Project("{FAE04EC0-301F-11D3-BF4B-00C04F79EFBC}") = "MinimoComunMultiplo", "MinimoComunMultiplo\MinimoComunMultiplo.csproj", "{02118A32-5AD4-40E4-AD1C-60C44378026F}"
EndProject
Project("{FAE04EC0-301F-11D3-BF4B-00C04F79EFBC}") = "StressTestMinimoComunMultiplo", "StressTestMinimoComunMultiplo\StressTestMinimoComunMultiplo.csproj", "{96A56B93-FE48-4B70-BDE5-D521479C1364}"
EndProject
Global
	GlobalSection(SolutionConfigurationPlatforms) = preSolution
		Debug|Any CPU = Debug|Any CPU
		Release|Any CPU = Release|Any CPU
	EndGlobalSection
	GlobalSection(ProjectConfigurationPlatforms) = postSolution
		{7B808CCD-6B17-4295-8E1E-A68508A65434}.Debug|Any CPU.ActiveCfg = Debug|Any CPU
		{7B808CCD-6B17-4295-8E1E-A68508A65434}.Debug|Any CPU.Build.0 = Debug|Any CPU
		{7B808CCD-6B17-4295-8E1E-A68508A65434}.Release|Any CPU.ActiveCfg = Release|Any CPU
		{7B808CCD-6B17-4295-8E1E-A68508A65434}.Release|Any CPU.Build.0 = Release|Any CPU
		{415D226B-1739-4EDD-A9BE-9180D4B3601A}.Debug|Any CPU.ActiveCfg = Debug|Any CPU
		{415D226B-1739-4EDD-A9BE-9180D4B3601A}.Debug|Any CPU.Build.0 = Debug|Any CPU
		{415D226B-1739-4EDD-A9BE-9180D4B3601A}.Release|Any CPU.ActiveCfg = Release|Any CPU
		{415D226B-1739-4EDD-A9BE-9180D4B3601A}.Release|Any CPU.Build.0 = Release|Any CPU
		{18DE5186-4E1E-4AC1-B84B-56E1BE7130C0}.Debug|Any CPU.ActiveCfg = Debug|Any CPU
		{18DE5186-4E1E-4AC1-B84B-56E1BE7130C0}.Debug|Any CPU.Build.0 = Debug|Any CPU
		{18DE5186-4E1E-4AC1-B84B-56E1BE7130C0}.Release|Any CPU.ActiveCfg = Release|Any CPU
		{18DE5186-4E1E-4AC1-B84B-56E1BE7130C0}.Release|Any CPU.Build.0 = Release|Any CPU
		{0FDECC3A-5357-4F32-90B6-403A48CE4091}.Debug|Any CPU.ActiveCfg = Debug|Any CPU
		{0FDECC3A-5357-4F32-90B6-403A48CE4091}.Debug|Any CPU.Build.0 = Debug|Any CPU
		{0FDECC3A-5357-4F32-90B6-403A48CE4091}.Release|Any CPU.ActiveCfg = Release|Any CPU
		{0FDECC3A-5357-4F32-90B6-403A48CE4091}.Release|Any CPU.Build.0 = Release|Any CPU
		{B2F94903-1D1D-4041-96E2-ECAE9D11EE09}.Debug|Any CPU.ActiveCfg = Debug|Any CPU
		{B2F94903-1D1D-4041-96E2-ECAE9D11EE09}.Debug|Any CPU.Build.0 = Debug|Any CPU
		{B2F94903-1D1D-4041-96E2-ECAE9D11EE09}.Release|Any CPU.ActiveCfg = Release|Any CPU
		{B2F94903-1D1D-4041-96E2-ECAE9D11EE09}.Release|Any CPU.Build.0 = Release|Any CPU
		{28D9C1AB-2A0F-4387-ADF5-E47B34EDC967}.Debug|Any CPU.ActiveCfg = Debug|Any CPU
		{28D9C1AB-2A0F-4387-ADF5-E47B34EDC967}.Debug|Any CPU.Build.0 = Debug|Any CPU
		{28D9C1AB-2A0F-4387-ADF5-E47B34EDC967}.Release|Any CPU.ActiveCfg = Release|Any CPU
		{28D9C1AB-2A0F-4387-ADF5-E47B34EDC967}.Release|Any CPU.Build.0 = Release|Any CPU
		{872417A0-58D4-4580-834B-D8FBF8379FA3}.Debug|Any CPU.ActiveCfg = Debug|Any CPU
		{872417A0-58D4-4580-834B-D8FBF8379FA3}.Debug|Any CPU.Build.0 = Debug|Any CPU
		{872417A0-58D4-4580-834B-D8FBF8379FA3}.Release|Any CPU.ActiveCfg = Release|Any CPU
		{872417A0-58D4-4580-834B-D8FBF8379FA3}.Release|Any CPU.Build.0 = Release|Any CPU
		{0835B950-6D00-4B78-A668-72E68F89D959}.Debug|Any CPU.ActiveCfg = Debug|Any CPU
		{0835B950-6D00-4B78-A668-72E68F89D959}.Debug|Any CPU.Build.0 = Debug|Any CPU
		{0835B950-6D00-4B78-A668-72E68F89D959}.Release|Any CPU.ActiveCfg = Release|Any CPU
		{0835B950-6D00-4B78-A668-72E68F89D959}.Release|Any CPU.Build.0 = Release|Any CPU
		{02118A32-5AD4-40E4-AD1C-60C44378026F}.Debug|Any CPU.ActiveCfg = Debug|Any CPU
		{02118A32-5AD4-40E4-AD1C-60C44378026F}.Debug|Any CPU.Build.0 = Debug|Any CPU
		{02118A32-5AD4-40E4-AD1C-60C44378026F}.Release|Any CPU.ActiveCfg = Release|Any CPU
		{02118A32-5AD4-40E4-AD1C-60C44378026F}.Release|Any CPU.Build.0 = Release|Any CPU
		{96A56B93-FE48-4B70-BDE5-D521479C1364}.Debug|Any CPU.ActiveCfg = Debug|Any CPU
		{96A56B93-FE48-4B70-BDE5-D521479C1364}.Debug|Any CPU.Build.0 = Debug|Any CPU
		{96A56B93-FE48-4B70-BDE5-D521479C1364}.Release|Any CPU.ActiveCfg = Release|Any CPU
		{96A56B93-FE48-4B70-BDE5-D521479C1364}.Release|Any CPU.Build.0 = Release|Any CPU
	EndGlobalSection
	GlobalSection(SolutionProperties) = preSolution
		HideSolutionNode = FALSE
	EndGlobalSection
	GlobalSection(NestedProjects) = preSolution
		{7B808CCD-6B17-4295-8E1E-A68508A65434} = {5E49B38C-C78D-4C0C-997D-74E1ADC01945}
		{415D226B-1739-4EDD-A9BE-9180D4B3601A} = {5E49B38C-C78D-4C0C-997D-74E1ADC01945}
		{18DE5186-4E1E-4AC1-B84B-56E1BE7130C0} = {5E49B38C-C78D-4C0C-997D-74E1ADC01945}
		{0FDECC3A-5357-4F32-90B6-403A48CE4091} = {563A8C53-F443-4542-ABC2-A755ECB3A0BC}
		{B2F94903-1D1D-4041-96E2-ECAE9D11EE09} = {563A8C53-F443-4542-ABC2-A755ECB3A0BC}
		{28D9C1AB-2A0F-4387-ADF5-E47B34EDC967} = {563A8C53-F443-4542-ABC2-A755ECB3A0BC}
		{872417A0-58D4-4580-834B-D8FBF8379FA3} = {563A8C53-F443-4542-ABC2-A755ECB3A0BC}
		{0835B950-6D00-4B78-A668-72E68F89D959} = {563A8C53-F443-4542-ABC2-A755ECB3A0BC}
		{02118A32-5AD4-40E4-AD1C-60C44378026F} = {563A8C53-F443-4542-ABC2-A755ECB3A0BC}
		{96A56B93-FE48-4B70-BDE5-D521479C1364} = {563A8C53-F443-4542-ABC2-A755ECB3A0BC}
	EndGlobalSection
	GlobalSection(ExtensibilityGlobals) = postSolution
		SolutionGuid = {4C1AEE37-5073-4CF4-9E85-7F11ECDD4F22}
	EndGlobalSection
EndGlobal
